
Microsoft Visual Studio Solution File, Format Version 12.00
# Visual Studio Version 17
VisualStudioVersion = 17.5.33414.496
MinimumVisualStudioVersion = 10.0.40219.1
Project("{8BC9CEB8-8B4A-11D0-8D11-00A0C91BC942}") = "ioFile_141", "ioFile_141\ioFile_141.vcxproj", "{8B059042-C006-4345-B093-E1CCB0FD4ED3}"
EndProject
Project("{8BC9CEB8-8B4A-11D0-8D11-00A0C91BC942}") = "iofileWithPath_141", "iofileWithPath_141\iofileWithPath_141.vcxproj", "{4D5666EA-2F8A-43D0-B8F0-DDD4B7058383}"
EndProject
Project("{8BC9CEB8-8B4A-11D0-8D11-00A0C91BC942}") = "manualExeption_141", "manualExeption_141\manualExeption_141.vcxproj", "{079F67C3-92C9-4F78-AA9B-264E458F972B}"
EndProject
Global
	GlobalSection(SolutionConfigurationPlatforms) = preSolution
		Debug|x64 = Debug|x64
		Debug|x86 = Debug|x86
		Release|x64 = Release|x64
		Release|x86 = Release|x86
	EndGlobalSection
	GlobalSection(ProjectConfigurationPlatforms) = postSolution
		{8B059042-C006-4345-B093-E1CCB0FD4ED3}.Debug|x64.ActiveCfg = Debug|x64
		{8B059042-C006-4345-B093-E1CCB0FD4ED3}.Debug|x64.Build.0 = Debug|x64
		{8B059042-C006-4345-B093-E1CCB0FD4ED3}.Debug|x86.ActiveCfg = Debug|Win32
		{8B059042-C006-4345-B093-E1CCB0FD4ED3}.Debug|x86.Build.0 = Debug|Win32
		{8B059042-C006-4345-B093-E1CCB0FD4ED3}.Release|x64.ActiveCfg = Release|x64
		{8B059042-C006-4345-B093-E1CCB0FD4ED3}.Release|x64.Build.0 = Release|x64
		{8B059042-C006-4345-B093-E1CCB0FD4ED3}.Release|x86.ActiveCfg = Release|Win32
		{8B059042-C006-4345-B093-E1CCB0FD4ED3}.Release|x86.Build.0 = Release|Win32
		{4D5666EA-2F8A-43D0-B8F0-DDD4B7058383}.Debug|x64.ActiveCfg = Debug|x64
		{4D5666EA-2F8A-43D0-B8F0-DDD4B7058383}.Debug|x64.Build.0 = Debug|x64
		{4D5666EA-2F8A-43D0-B8F0-DDD4B7058383}.Debug|x86.ActiveCfg = Debug|Win32
		{4D5666EA-2F8A-43D0-B8F0-DDD4B7058383}.Debug|x86.Build.0 = Debug|Win32
		{4D5666EA-2F8A-43D0-B8F0-DDD4B7058383}.Release|x64.ActiveCfg = Release|x64
		{4D5666EA-2F8A-43D0-B8F0-DDD4B7058383}.Release|x64.Build.0 = Release|x64
		{4D5666EA-2F8A-43D0-B8F0-DDD4B7058383}.Release|x86.ActiveCfg = Release|Win32
		{4D5666EA-2F8A-43D0-B8F0-DDD4B7058383}.Release|x86.Build.0 = Release|Win32
		{079F67C3-92C9-4F78-AA9B-264E458F972B}.Debug|x64.ActiveCfg = Debug|x64
		{079F67C3-92C9-4F78-AA9B-264E458F972B}.Debug|x64.Build.0 = Debug|x64
		{079F67C3-92C9-4F78-AA9B-264E458F972B}.Debug|x86.ActiveCfg = Debug|Win32
		{079F67C3-92C9-4F78-AA9B-264E458F972B}.Debug|x86.Build.0 = Debug|Win32
		{079F67C3-92C9-4F78-AA9B-264E458F972B}.Release|x64.ActiveCfg = Release|x64
		{079F67C3-92C9-4F78-AA9B-264E458F972B}.Release|x64.Build.0 = Release|x64
		{079F67C3-92C9-4F78-AA9B-264E458F972B}.Release|x86.ActiveCfg = Release|Win32
		{079F67C3-92C9-4F78-AA9B-264E458F972B}.Release|x86.Build.0 = Release|Win32
	EndGlobalSection
	GlobalSection(SolutionProperties) = preSolution
		HideSolutionNode = FALSE
	EndGlobalSection
	GlobalSection(ExtensibilityGlobals) = postSolution
		SolutionGuid = {4CC003F8-D116-44E4-8E67-032FAD304FA5}
	EndGlobalSection
EndGlobal
